// !$*UTF8*$!
{
	archiveVersion = 1;
	classes = {
	};
	objectVersion = 46;
	objects = {

/* Begin PBXBuildFile section */
		141020551B93DC4E00C737A9 /* BallGame.xcdatamodeld in Sources */ = {isa = PBXBuildFile; fileRef = 14510F221B88450500C72DA1 /* BallGame.xcdatamodeld */; };
		14231D861B8C2F0B00F0B4E1 /* CoreMotion.framework in Frameworks */ = {isa = PBXBuildFile; fileRef = 14231D851B8C2F0B00F0B4E1 /* CoreMotion.framework */; };
		14510F1E1B88450500C72DA1 /* main.m in Sources */ = {isa = PBXBuildFile; fileRef = 14510F1D1B88450500C72DA1 /* main.m */; };
		14510F211B88450500C72DA1 /* AppDelegate.m in Sources */ = {isa = PBXBuildFile; fileRef = 14510F201B88450500C72DA1 /* AppDelegate.m */; };
		14510F271B88450500C72DA1 /* ViewController.m in Sources */ = {isa = PBXBuildFile; fileRef = 14510F261B88450500C72DA1 /* ViewController.m */; };
		14510F2C1B88450500C72DA1 /* Images.xcassets in Resources */ = {isa = PBXBuildFile; fileRef = 14510F2B1B88450500C72DA1 /* Images.xcassets */; };
		14510F2F1B88450500C72DA1 /* LaunchScreen.xib in Resources */ = {isa = PBXBuildFile; fileRef = 14510F2D1B88450500C72DA1 /* LaunchScreen.xib */; };
		14510F3B1B88450500C72DA1 /* BallGameTests.m in Sources */ = {isa = PBXBuildFile; fileRef = 14510F3A1B88450500C72DA1 /* BallGameTests.m */; };
		14510F471B88498C00C72DA1 /* ViewController.xib in Resources */ = {isa = PBXBuildFile; fileRef = 14510F461B88498C00C72DA1 /* ViewController.xib */; };
		14510F4F1B88709700C72DA1 /* AppLogo.png in Resources */ = {isa = PBXBuildFile; fileRef = 14510F4E1B88709700C72DA1 /* AppLogo.png */; };
		14CFDABC1B8EDDBF003293EB /* EnemyBall.m in Sources */ = {isa = PBXBuildFile; fileRef = 14CFDABB1B8EDDBF003293EB /* EnemyBall.m */; };
/* End PBXBuildFile section */

/* Begin PBXContainerItemProxy section */
		14510F351B88450500C72DA1 /* PBXContainerItemProxy */ = {
			isa = PBXContainerItemProxy;
			containerPortal = 14510F101B88450500C72DA1 /* Project object */;
			proxyType = 1;
			remoteGlobalIDString = 14510F171B88450500C72DA1;
			remoteInfo = BallGame;
		};
/* End PBXContainerItemProxy section */

/* Begin PBXFileReference section */
		14231D851B8C2F0B00F0B4E1 /* CoreMotion.framework */ = {isa = PBXFileReference; lastKnownFileType = wrapper.framework; name = CoreMotion.framework; path = System/Library/Frameworks/CoreMotion.framework; sourceTree = SDKROOT; };
		14510F181B88450500C72DA1 /* BallGame.app */ = {isa = PBXFileReference; explicitFileType = wrapper.application; includeInIndex = 0; path = BallGame.app; sourceTree = BUILT_PRODUCTS_DIR; };
		14510F1C1B88450500C72DA1 /* Info.plist */ = {isa = PBXFileReference; lastKnownFileType = text.plist.xml; path = Info.plist; sourceTree = "<group>"; };
		14510F1D1B88450500C72DA1 /* main.m */ = {isa = PBXFileReference; lastKnownFileType = sourcecode.c.objc; path = main.m; sourceTree = "<group>"; };
		14510F1F1B88450500C72DA1 /* AppDelegate.h */ = {isa = PBXFileReference; lastKnownFileType = sourcecode.c.h; path = AppDelegate.h; sourceTree = "<group>"; };
		14510F201B88450500C72DA1 /* AppDelegate.m */ = {isa = PBXFileReference; lastKnownFileType = sourcecode.c.objc; path = AppDelegate.m; sourceTree = "<group>"; };
		14510F231B88450500C72DA1 /* BallGame.xcdatamodel */ = {isa = PBXFileReference; lastKnownFileType = wrapper.xcdatamodel; path = BallGame.xcdatamodel; sourceTree = "<group>"; };
		14510F251B88450500C72DA1 /* ViewController.h */ = {isa = PBXFileReference; lastKnownFileType = sourcecode.c.h; path = ViewController.h; sourceTree = "<group>"; };
		14510F261B88450500C72DA1 /* ViewController.m */ = {isa = PBXFileReference; lastKnownFileType = sourcecode.c.objc; path = ViewController.m; sourceTree = "<group>"; };
		14510F2B1B88450500C72DA1 /* Images.xcassets */ = {isa = PBXFileReference; lastKnownFileType = folder.assetcatalog; path = Images.xcassets; sourceTree = "<group>"; };
		14510F2E1B88450500C72DA1 /* Base */ = {isa = PBXFileReference; lastKnownFileType = file.xib; name = Base; path = Base.lproj/LaunchScreen.xib; sourceTree = "<group>"; };
		14510F341B88450500C72DA1 /* BallGameTests.xctest */ = {isa = PBXFileReference; explicitFileType = wrapper.cfbundle; includeInIndex = 0; path = BallGameTests.xctest; sourceTree = BUILT_PRODUCTS_DIR; };
		14510F391B88450500C72DA1 /* Info.plist */ = {isa = PBXFileReference; lastKnownFileType = text.plist.xml; path = Info.plist; sourceTree = "<group>"; };
		14510F3A1B88450500C72DA1 /* BallGameTests.m */ = {isa = PBXFileReference; lastKnownFileType = sourcecode.c.objc; path = BallGameTests.m; sourceTree = "<group>"; };
		14510F461B88498C00C72DA1 /* ViewController.xib */ = {isa = PBXFileReference; fileEncoding = 4; lastKnownFileType = file.xib; path = ViewController.xib; sourceTree = "<group>"; };
		14510F4E1B88709700C72DA1 /* AppLogo.png */ = {isa = PBXFileReference; lastKnownFileType = image.png; path = AppLogo.png; sourceTree = "<group>"; };
		14CFDABA1B8EDDBF003293EB /* EnemyBall.h */ = {isa = PBXFileReference; fileEncoding = 4; lastKnownFileType = sourcecode.c.h; path = EnemyBall.h; sourceTree = "<group>"; };
		14CFDABB1B8EDDBF003293EB /* EnemyBall.m */ = {isa = PBXFileReference; fileEncoding = 4; lastKnownFileType = sourcecode.c.objc; path = EnemyBall.m; sourceTree = "<group>"; };
/* End PBXFileReference section */

/* Begin PBXFrameworksBuildPhase section */
		14510F151B88450500C72DA1 /* Frameworks */ = {
			isa = PBXFrameworksBuildPhase;
			buildActionMask = 2147483647;
			files = (
				14231D861B8C2F0B00F0B4E1 /* CoreMotion.framework in Frameworks */,
			);
			runOnlyForDeploymentPostprocessing = 0;
		};
		14510F311B88450500C72DA1 /* Frameworks */ = {
			isa = PBXFrameworksBuildPhase;
			buildActionMask = 2147483647;
			files = (
			);
			runOnlyForDeploymentPostprocessing = 0;
		};
/* End PBXFrameworksBuildPhase section */

/* Begin PBXGroup section */
		14510F0F1B88450500C72DA1 = {
			isa = PBXGroup;
			children = (
				14231D851B8C2F0B00F0B4E1 /* CoreMotion.framework */,
				14510F1A1B88450500C72DA1 /* BallGame */,
				14510F371B88450500C72DA1 /* BallGameTests */,
				14510F191B88450500C72DA1 /* Products */,
				14510F4D1B88708300C72DA1 /* Resource */,
			);
			sourceTree = "<group>";
		};
		14510F191B88450500C72DA1 /* Products */ = {
			isa = PBXGroup;
			children = (
				14510F181B88450500C72DA1 /* BallGame.app */,
				14510F341B88450500C72DA1 /* BallGameTests.xctest */,
			);
			name = Products;
			sourceTree = "<group>";
		};
		14510F1A1B88450500C72DA1 /* BallGame */ = {
			isa = PBXGroup;
			children = (
				14510F1F1B88450500C72DA1 /* AppDelegate.h */,
				14510F201B88450500C72DA1 /* AppDelegate.m */,
				14510F251B88450500C72DA1 /* ViewController.h */,
				14510F261B88450500C72DA1 /* ViewController.m */,
				14510F461B88498C00C72DA1 /* ViewController.xib */,
				14CFDABA1B8EDDBF003293EB /* EnemyBall.h */,
				14CFDABB1B8EDDBF003293EB /* EnemyBall.m */,
				14510F2B1B88450500C72DA1 /* Images.xcassets */,
				14510F2D1B88450500C72DA1 /* LaunchScreen.xib */,
				14510F221B88450500C72DA1 /* BallGame.xcdatamodeld */,
				14510F1B1B88450500C72DA1 /* Supporting Files */,
			);
			path = BallGame;
			sourceTree = "<group>";
		};
		14510F1B1B88450500C72DA1 /* Supporting Files */ = {
			isa = PBXGroup;
			children = (
				14510F1C1B88450500C72DA1 /* Info.plist */,
				14510F1D1B88450500C72DA1 /* main.m */,
			);
			name = "Supporting Files";
			sourceTree = "<group>";
		};
		14510F371B88450500C72DA1 /* BallGameTests */ = {
			isa = PBXGroup;
			children = (
				14510F3A1B88450500C72DA1 /* BallGameTests.m */,
				14510F381B88450500C72DA1 /* Supporting Files */,
			);
			path = BallGameTests;
			sourceTree = "<group>";
		};
		14510F381B88450500C72DA1 /* Supporting Files */ = {
			isa = PBXGroup;
			children = (
				14510F391B88450500C72DA1 /* Info.plist */,
			);
			name = "Supporting Files";
			sourceTree = "<group>";
		};
		14510F4D1B88708300C72DA1 /* Resource */ = {
			isa = PBXGroup;
			children = (
				14510F4E1B88709700C72DA1 /* AppLogo.png */,
			);
			name = Resource;
			path = BallGame;
			sourceTree = "<group>";
		};
/* End PBXGroup section */

/* Begin PBXNativeTarget section */
		14510F171B88450500C72DA1 /* BallGame */ = {
			isa = PBXNativeTarget;
			buildConfigurationList = 14510F3E1B88450500C72DA1 /* Build configuration list for PBXNativeTarget "BallGame" */;
			buildPhases = (
				14510F141B88450500C72DA1 /* Sources */,
				14510F151B88450500C72DA1 /* Frameworks */,
				14510F161B88450500C72DA1 /* Resources */,
			);
			buildRules = (
			);
			dependencies = (
			);
			name = BallGame;
			productName = BallGame;
			productReference = 14510F181B88450500C72DA1 /* BallGame.app */;
			productType = "com.apple.product-type.application";
		};
		14510F331B88450500C72DA1 /* BallGameTests */ = {
			isa = PBXNativeTarget;
			buildConfigurationList = 14510F411B88450500C72DA1 /* Build configuration list for PBXNativeTarget "BallGameTests" */;
			buildPhases = (
				14510F301B88450500C72DA1 /* Sources */,
				14510F311B88450500C72DA1 /* Frameworks */,
				14510F321B88450500C72DA1 /* Resources */,
			);
			buildRules = (
			);
			dependencies = (
				14510F361B88450500C72DA1 /* PBXTargetDependency */,
			);
			name = BallGameTests;
			productName = BallGameTests;
			productReference = 14510F341B88450500C72DA1 /* BallGameTests.xctest */;
			productType = "com.apple.product-type.bundle.unit-test";
		};
/* End PBXNativeTarget section */

/* Begin PBXProject section */
		14510F101B88450500C72DA1 /* Project object */ = {
			isa = PBXProject;
			attributes = {
				LastUpgradeCheck = 0700;
				ORGANIZATIONNAME = "Terry Chia";
				TargetAttributes = {
					14510F171B88450500C72DA1 = {
						CreatedOnToolsVersion = 6.4;
					};
					14510F331B88450500C72DA1 = {
						CreatedOnToolsVersion = 6.4;
						TestTargetID = 14510F171B88450500C72DA1;
					};
				};
			};
			buildConfigurationList = 14510F131B88450500C72DA1 /* Build configuration list for PBXProject "BallGame" */;
			compatibilityVersion = "Xcode 3.2";
			developmentRegion = English;
			hasScannedForEncodings = 0;
			knownRegions = (
				en,
				Base,
			);
			mainGroup = 14510F0F1B88450500C72DA1;
			productRefGroup = 14510F191B88450500C72DA1 /* Products */;
			projectDirPath = "";
			projectRoot = "";
			targets = (
				14510F171B88450500C72DA1 /* BallGame */,
				14510F331B88450500C72DA1 /* BallGameTests */,
			);
		};
/* End PBXProject section */

/* Begin PBXResourcesBuildPhase section */
		14510F161B88450500C72DA1 /* Resources */ = {
			isa = PBXResourcesBuildPhase;
			buildActionMask = 2147483647;
			files = (
				14510F4F1B88709700C72DA1 /* AppLogo.png in Resources */,
				14510F2F1B88450500C72DA1 /* LaunchScreen.xib in Resources */,
				14510F471B88498C00C72DA1 /* ViewController.xib in Resources */,
				14510F2C1B88450500C72DA1 /* Images.xcassets in Resources */,
			);
			runOnlyForDeploymentPostprocessing = 0;
		};
		14510F321B88450500C72DA1 /* Resources */ = {
			isa = PBXResourcesBuildPhase;
			buildActionMask = 2147483647;
			files = (
			);
			runOnlyForDeploymentPostprocessing = 0;
		};
/* End PBXResourcesBuildPhase section */

/* Begin PBXSourcesBuildPhase section */
		14510F141B88450500C72DA1 /* Sources */ = {
			isa = PBXSourcesBuildPhase;
			buildActionMask = 2147483647;
			files = (
				141020551B93DC4E00C737A9 /* BallGame.xcdatamodeld in Sources */,
				14510F211B88450500C72DA1 /* AppDelegate.m in Sources */,
				14510F271B88450500C72DA1 /* ViewController.m in Sources */,
				14510F1E1B88450500C72DA1 /* main.m in Sources */,
				14CFDABC1B8EDDBF003293EB /* EnemyBall.m in Sources */,
			);
			runOnlyForDeploymentPostprocessing = 0;
		};
		14510F301B88450500C72DA1 /* Sources */ = {
			isa = PBXSourcesBuildPhase;
			buildActionMask = 2147483647;
			files = (
				14510F3B1B88450500C72DA1 /* BallGameTests.m in Sources */,
			);
			runOnlyForDeploymentPostprocessing = 0;
		};
/* End PBXSourcesBuildPhase section */

/* Begin PBXTargetDependency section */
		14510F361B88450500C72DA1 /* PBXTargetDependency */ = {
			isa = PBXTargetDependency;
			target = 14510F171B88450500C72DA1 /* BallGame */;
			targetProxy = 14510F351B88450500C72DA1 /* PBXContainerItemProxy */;
		};
/* End PBXTargetDependency section */

/* Begin PBXVariantGroup section */
		14510F2D1B88450500C72DA1 /* LaunchScreen.xib */ = {
			isa = PBXVariantGroup;
			children = (
				14510F2E1B88450500C72DA1 /* Base */,
			);
			name = LaunchScreen.xib;
			sourceTree = "<group>";
		};
/* End PBXVariantGroup section */

/* Begin XCBuildConfiguration section */
		14510F3C1B88450500C72DA1 /* Debug */ = {
			isa = XCBuildConfiguration;
			buildSettings = {
				ALWAYS_SEARCH_USER_PATHS = NO;
				CLANG_CXX_LANGUAGE_STANDARD = "gnu++0x";
				CLANG_CXX_LIBRARY = "libc++";
				CLANG_ENABLE_MODULES = YES;
				CLANG_ENABLE_OBJC_ARC = YES;
				CLANG_WARN_BOOL_CONVERSION = YES;
				CLANG_WARN_CONSTANT_CONVERSION = YES;
				CLANG_WARN_DIRECT_OBJC_ISA_USAGE = YES_ERROR;
				CLANG_WARN_EMPTY_BODY = YES;
				CLANG_WARN_ENUM_CONVERSION = YES;
				CLANG_WARN_INT_CONVERSION = YES;
				CLANG_WARN_OBJC_ROOT_CLASS = YES_ERROR;
				CLANG_WARN_UNREACHABLE_CODE = YES;
				CLANG_WARN__DUPLICATE_METHOD_MATCH = YES;
				"CODE_SIGN_IDENTITY[sdk=iphoneos*]" = "iPhone Developer";
				COPY_PHASE_STRIP = NO;
				DEBUG_INFORMATION_FORMAT = "dwarf-with-dsym";
				ENABLE_STRICT_OBJC_MSGSEND = YES;
				ENABLE_TESTABILITY = YES;
				GCC_C_LANGUAGE_STANDARD = gnu99;
				GCC_DYNAMIC_NO_PIC = NO;
				GCC_NO_COMMON_BLOCKS = YES;
				GCC_OPTIMIZATION_LEVEL = 0;
				GCC_PREPROCESSOR_DEFINITIONS = (
					"DEBUG=1",
					"$(inherited)",
				);
				GCC_SYMBOLS_PRIVATE_EXTERN = NO;
				GCC_WARN_64_TO_32_BIT_CONVERSION = YES;
				GCC_WARN_ABOUT_RETURN_TYPE = YES_ERROR;
				GCC_WARN_UNDECLARED_SELECTOR = YES;
				GCC_WARN_UNINITIALIZED_AUTOS = YES_AGGRESSIVE;
				GCC_WARN_UNUSED_FUNCTION = YES;
				GCC_WARN_UNUSED_VARIABLE = YES;
				IPHONEOS_DEPLOYMENT_TARGET = 8.4;
				MTL_ENABLE_DEBUG_INFO = YES;
				ONLY_ACTIVE_ARCH = YES;
				SDKROOT = iphoneos;
			};
			name = Debug;
		};
		14510F3D1B88450500C72DA1 /* Release */ = {
			isa = XCBuildConfiguration;
			buildSettings = {
				ALWAYS_SEARCH_USER_PATHS = NO;
				CLANG_CXX_LANGUAGE_STANDARD = "gnu++0x";
				CLANG_CXX_LIBRARY = "libc++";
				CLANG_ENABLE_MODULES = YES;
				CLANG_ENABLE_OBJC_ARC = YES;
				CLANG_WARN_BOOL_CONVERSION = YES;
				CLANG_WARN_CONSTANT_CONVERSION = YES;
				CLANG_WARN_DIRECT_OBJC_ISA_USAGE = YES_ERROR;
				CLANG_WARN_EMPTY_BODY = YES;
				CLANG_WARN_ENUM_CONVERSION = YES;
				CLANG_WARN_INT_CONVERSION = YES;
				CLANG_WARN_OBJC_ROOT_CLASS = YES_ERROR;
				CLANG_WARN_UNREACHABLE_CODE = YES;
				CLANG_WARN__DUPLICATE_METHOD_MATCH = YES;
				"CODE_SIGN_IDENTITY[sdk=iphoneos*]" = "iPhone Developer";
				COPY_PHASE_STRIP = NO;
				DEBUG_INFORMATION_FORMAT = "dwarf-with-dsym";
				ENABLE_NS_ASSERTIONS = NO;
				ENABLE_STRICT_OBJC_MSGSEND = YES;
				GCC_C_LANGUAGE_STANDARD = gnu99;
				GCC_NO_COMMON_BLOCKS = YES;
				GCC_WARN_64_TO_32_BIT_CONVERSION = YES;
				GCC_WARN_ABOUT_RETURN_TYPE = YES_ERROR;
				GCC_WARN_UNDECLARED_SELECTOR = YES;
				GCC_WARN_UNINITIALIZED_AUTOS = YES_AGGRESSIVE;
				GCC_WARN_UNUSED_FUNCTION = YES;
				GCC_WARN_UNUSED_VARIABLE = YES;
				IPHONEOS_DEPLOYMENT_TARGET = 8.4;
				MTL_ENABLE_DEBUG_INFO = NO;
				SDKROOT = iphoneos;
				VALIDATE_PRODUCT = YES;
			};
			name = Release;
		};
		14510F3F1B88450500C72DA1 /* Debug */ = {
			isa = XCBuildConfiguration;
			buildSettings = {
				ASSETCATALOG_COMPILER_APPICON_NAME = AppIcon;
				INFOPLIST_FILE = BallGame/Info.plist;
				LD_RUNPATH_SEARCH_PATHS = "$(inherited) @executable_path/Frameworks";
				PRODUCT_BUNDLE_IDENTIFIER = "Terry-Chia.$(PRODUCT_NAME:rfc1034identifier)";
				PRODUCT_NAME = "$(TARGET_NAME)";
			};
			name = Debug;
		};
		14510F401B88450500C72DA1 /* Release */ = {
			isa = XCBuildConfiguration;
			buildSettings = {
				ASSETCATALOG_COMPILER_APPICON_NAME = AppIcon;
				INFOPLIST_FILE = BallGame/Info.plist;
				LD_RUNPATH_SEARCH_PATHS = "$(inherited) @executable_path/Frameworks";
				PRODUCT_BUNDLE_IDENTIFIER = "Terry-Chia.$(PRODUCT_NAME:rfc1034identifier)";
				PRODUCT_NAME = "$(TARGET_NAME)";
			};
			name = Release;
		};
		14510F421B88450500C72DA1 /* Debug */ = {
			isa = XCBuildConfiguration;
			buildSettings = {
				BUNDLE_LOADER = "$(TEST_HOST)";
				FRAMEWORK_SEARCH_PATHS = (
					"$(SDKROOT)/Developer/Library/Frameworks",
					"$(inherited)",
				);
				GCC_PREPROCESSOR_DEFINITIONS = (
					"DEBUG=1",
					"$(inherited)",
				);
				INFOPLIST_FILE = BallGameTests/Info.plist;
				LD_RUNPATH_SEARCH_PATHS = "$(inherited) @executable_path/Frameworks @loader_path/Frameworks";
				PRODUCT_BUNDLE_IDENTIFIER = "Terry-Chia.$(PRODUCT_NAME:rfc1034identifier)";
				PRODUCT_NAME = "$(TARGET_NAME)";
				TEST_HOST = "$(BUILT_PRODUCTS_DIR)/BallGame.app/BallGame";
			};
			name = Debug;
		};
		14510F431B88450500C72DA1 /* Release */ = {
			isa = XCBuildConfiguration;
			buildSettings = {
				BUNDLE_LOADER = "$(TEST_HOST)";
				FRAMEWORK_SEARCH_PATHS = (
					"$(SDKROOT)/Developer/Library/Frameworks",
					"$(inherited)",
				);
				INFOPLIST_FILE = BallGameTests/Info.plist;
				LD_RUNPATH_SEARCH_PATHS = "$(inherited) @executable_path/Frameworks @loader_path/Frameworks";
				PRODUCT_BUNDLE_IDENTIFIER = "Terry-Chia.$(PRODUCT_NAME:rfc1034identifier)";
				PRODUCT_NAME = "$(TARGET_NAME)";
				TEST_HOST = "$(BUILT_PRODUCTS_DIR)/BallGame.app/BallGame";
			};
			name = Release;
		};
/* End XCBuildConfiguration section */

/* Begin XCConfigurationList section */
		14510F131B88450500C72DA1 /* Build configuration list for PBXProject "BallGame" */ = {
			isa = XCConfigurationList;
			buildConfigurations = (
				14510F3C1B88450500C72DA1 /* Debug */,
				14510F3D1B88450500C72DA1 /* Release */,
			);
			defaultConfigurationIsVisible = 0;
			defaultConfigurationName = Release;
		};
		14510F3E1B88450500C72DA1 /* Build configuration list for PBXNativeTarget "BallGame" */ = {
			isa = XCConfigurationList;
			buildConfigurations = (
				14510F3F1B88450500C72DA1 /* Debug */,
				14510F401B88450500C72DA1 /* Release */,
			);
			defaultConfigurationIsVisible = 0;
			defaultConfigurationName = Release;
		};
		14510F411B88450500C72DA1 /* Build configuration list for PBXNativeTarget "BallGameTests" */ = {
			isa = XCConfigurationList;
			buildConfigurations = (
				14510F421B88450500C72DA1 /* Debug */,
				14510F431B88450500C72DA1 /* Release */,
			);
			defaultConfigurationIsVisible = 0;
			defaultConfigurationName = Release;
		};
/* End XCConfigurationList section */

/* Begin XCVersionGroup section */
		14510F221B88450500C72DA1 /* BallGame.xcdatamodeld */ = {
			isa = XCVersionGroup;
			children = (
				14510F231B88450500C72DA1 /* BallGame.xcdatamodel */,
			);
			currentVersion = 14510F231B88450500C72DA1 /* BallGame.xcdatamodel */;
			path = BallGame.xcdatamodeld;
			sourceTree = "<group>";
			versionGroupType = wrapper.xcdatamodel;
		};
/* End XCVersionGroup section */
	};
	rootObject = 14510F101B88450500C72DA1 /* Project object */;
}
